
Microsoft Visual Studio Solution File, Format Version 12.00
# Visual Studio 14
VisualStudioVersion = 14.0.25123.0
MinimumVisualStudioVersion = 10.0.40219.1
Project("{FAE04EC0-301F-11D3-BF4B-00C04F79EFBC}") = "LongTapRecognition.Droid", "LongTapRecognition\LongTapRecognition.Droid\LongTapRecognition.Droid.csproj", "{D69FB606-5F3E-4F0E-9CB1-3F947D680CE8}"
EndProject
Project("{FAE04EC0-301F-11D3-BF4B-00C04F79EFBC}") = "LongTapRecognition.iOS", "LongTapRecognition\LongTapRecognition.iOS\LongTapRecognition.iOS.csproj", "{16A7B355-329F-4957-967F-93922F3DD105}"
EndProject
Project("{FAE04EC0-301F-11D3-BF4B-00C04F79EFBC}") = "LongTapRecognition.WinPhone", "LongTapRecognition\LongTapRecognition.WinPhone\LongTapRecognition.WinPhone.csproj", "{630191DF-1AA3-4F60-BF35-6B7D416B0989}"
EndProject
Project("{FAE04EC0-301F-11D3-BF4B-00C04F79EFBC}") = "LongTapRecognition.Windows", "LongTapRecognition\LongTapRecognition.Windows\LongTapRecognition.Windows.csproj", "{B0CC83B6-70D8-4B10-8E45-3DB64F56992F}"
EndProject
Project("{D954291E-2A0B-460D-934E-DC6B0785DB48}") = "LongTapRecognition", "LongTapRecognition\LongTapRecognition\LongTapRecognition.shproj", "{C95C02FC-4FD2-4111-9BF0-8AE51E3B4E9E}"
EndProject
Global
	GlobalSection(SharedMSBuildProjectFiles) = preSolution
		LongTapRecognition\LongTapRecognition\LongTapRecognition.projitems*{c95c02fc-4fd2-4111-9bf0-8ae51e3b4e9e}*SharedItemsImports = 13
	EndGlobalSection
	GlobalSection(SolutionConfigurationPlatforms) = preSolution
		Ad-Hoc|Any CPU = Ad-Hoc|Any CPU
		Ad-Hoc|ARM = Ad-Hoc|ARM
		Ad-Hoc|iPhone = Ad-Hoc|iPhone
		Ad-Hoc|iPhoneSimulator = Ad-Hoc|iPhoneSimulator
		Ad-Hoc|x64 = Ad-Hoc|x64
		Ad-Hoc|x86 = Ad-Hoc|x86
		AppStore|Any CPU = AppStore|Any CPU
		AppStore|ARM = AppStore|ARM
		AppStore|iPhone = AppStore|iPhone
		AppStore|iPhoneSimulator = AppStore|iPhoneSimulator
		AppStore|x64 = AppStore|x64
		AppStore|x86 = AppStore|x86
		Debug|Any CPU = Debug|Any CPU
		Debug|ARM = Debug|ARM
		Debug|iPhone = Debug|iPhone
		Debug|iPhoneSimulator = Debug|iPhoneSimulator
		Debug|x64 = Debug|x64
		Debug|x86 = Debug|x86
		Release|Any CPU = Release|Any CPU
		Release|ARM = Release|ARM
		Release|iPhone = Release|iPhone
		Release|iPhoneSimulator = Release|iPhoneSimulator
		Release|x64 = Release|x64
		Release|x86 = Release|x86
	EndGlobalSection
	GlobalSection(ProjectConfigurationPlatforms) = postSolution
		{D69FB606-5F3E-4F0E-9CB1-3F947D680CE8}.Ad-Hoc|Any CPU.ActiveCfg = Release|Any CPU
		{D69FB606-5F3E-4F0E-9CB1-3F947D680CE8}.Ad-Hoc|Any CPU.Build.0 = Release|Any CPU
		{D69FB606-5F3E-4F0E-9CB1-3F947D680CE8}.Ad-Hoc|Any CPU.Deploy.0 = Release|Any CPU
		{D69FB606-5F3E-4F0E-9CB1-3F947D680CE8}.Ad-Hoc|ARM.ActiveCfg = Release|Any CPU
		{D69FB606-5F3E-4F0E-9CB1-3F947D680CE8}.Ad-Hoc|ARM.Build.0 = Release|Any CPU
		{D69FB606-5F3E-4F0E-9CB1-3F947D680CE8}.Ad-Hoc|ARM.Deploy.0 = Release|Any CPU
		{D69FB606-5F3E-4F0E-9CB1-3F947D680CE8}.Ad-Hoc|iPhone.ActiveCfg = Release|Any CPU
		{D69FB606-5F3E-4F0E-9CB1-3F947D680CE8}.Ad-Hoc|iPhone.Build.0 = Release|Any CPU
		{D69FB606-5F3E-4F0E-9CB1-3F947D680CE8}.Ad-Hoc|iPhone.Deploy.0 = Release|Any CPU
		{D69FB606-5F3E-4F0E-9CB1-3F947D680CE8}.Ad-Hoc|iPhoneSimulator.ActiveCfg = Release|Any CPU
		{D69FB606-5F3E-4F0E-9CB1-3F947D680CE8}.Ad-Hoc|iPhoneSimulator.Build.0 = Release|Any CPU
		{D69FB606-5F3E-4F0E-9CB1-3F947D680CE8}.Ad-Hoc|iPhoneSimulator.Deploy.0 = Release|Any CPU
		{D69FB606-5F3E-4F0E-9CB1-3F947D680CE8}.Ad-Hoc|x64.ActiveCfg = Release|Any CPU
		{D69FB606-5F3E-4F0E-9CB1-3F947D680CE8}.Ad-Hoc|x64.Build.0 = Release|Any CPU
		{D69FB606-5F3E-4F0E-9CB1-3F947D680CE8}.Ad-Hoc|x64.Deploy.0 = Release|Any CPU
		{D69FB606-5F3E-4F0E-9CB1-3F947D680CE8}.Ad-Hoc|x86.ActiveCfg = Release|Any CPU
		{D69FB606-5F3E-4F0E-9CB1-3F947D680CE8}.Ad-Hoc|x86.Build.0 = Release|Any CPU
		{D69FB606-5F3E-4F0E-9CB1-3F947D680CE8}.Ad-Hoc|x86.Deploy.0 = Release|Any CPU
		{D69FB606-5F3E-4F0E-9CB1-3F947D680CE8}.AppStore|Any CPU.ActiveCfg = Release|Any CPU
		{D69FB606-5F3E-4F0E-9CB1-3F947D680CE8}.AppStore|Any CPU.Build.0 = Release|Any CPU
		{D69FB606-5F3E-4F0E-9CB1-3F947D680CE8}.AppStore|Any CPU.Deploy.0 = Release|Any CPU
		{D69FB606-5F3E-4F0E-9CB1-3F947D680CE8}.AppStore|ARM.ActiveCfg = Release|Any CPU
		{D69FB606-5F3E-4F0E-9CB1-3F947D680CE8}.AppStore|ARM.Build.0 = Release|Any CPU
		{D69FB606-5F3E-4F0E-9CB1-3F947D680CE8}.AppStore|ARM.Deploy.0 = Release|Any CPU
		{D69FB606-5F3E-4F0E-9CB1-3F947D680CE8}.AppStore|iPhone.ActiveCfg = Release|Any CPU
		{D69FB606-5F3E-4F0E-9CB1-3F947D680CE8}.AppStore|iPhone.Build.0 = Release|Any CPU
		{D69FB606-5F3E-4F0E-9CB1-3F947D680CE8}.AppStore|iPhone.Deploy.0 = Release|Any CPU
		{D69FB606-5F3E-4F0E-9CB1-3F947D680CE8}.AppStore|iPhoneSimulator.ActiveCfg = Release|Any CPU
		{D69FB606-5F3E-4F0E-9CB1-3F947D680CE8}.AppStore|iPhoneSimulator.Build.0 = Release|Any CPU
		{D69FB606-5F3E-4F0E-9CB1-3F947D680CE8}.AppStore|iPhoneSimulator.Deploy.0 = Release|Any CPU
		{D69FB606-5F3E-4F0E-9CB1-3F947D680CE8}.AppStore|x64.ActiveCfg = Release|Any CPU
		{D69FB606-5F3E-4F0E-9CB1-3F947D680CE8}.AppStore|x64.Build.0 = Release|Any CPU
		{D69FB606-5F3E-4F0E-9CB1-3F947D680CE8}.AppStore|x64.Deploy.0 = Release|Any CPU
		{D69FB606-5F3E-4F0E-9CB1-3F947D680CE8}.AppStore|x86.ActiveCfg = Release|Any CPU
		{D69FB606-5F3E-4F0E-9CB1-3F947D680CE8}.AppStore|x86.Build.0 = Release|Any CPU
		{D69FB606-5F3E-4F0E-9CB1-3F947D680CE8}.AppStore|x86.Deploy.0 = Release|Any CPU
		{D69FB606-5F3E-4F0E-9CB1-3F947D680CE8}.Debug|Any CPU.ActiveCfg = Debug|Any CPU
		{D69FB606-5F3E-4F0E-9CB1-3F947D680CE8}.Debug|Any CPU.Build.0 = Debug|Any CPU
		{D69FB606-5F3E-4F0E-9CB1-3F947D680CE8}.Debug|Any CPU.Deploy.0 = Debug|Any CPU
		{D69FB606-5F3E-4F0E-9CB1-3F947D680CE8}.Debug|ARM.ActiveCfg = Debug|Any CPU
		{D69FB606-5F3E-4F0E-9CB1-3F947D680CE8}.Debug|ARM.Build.0 = Debug|Any CPU
		{D69FB606-5F3E-4F0E-9CB1-3F947D680CE8}.Debug|ARM.Deploy.0 = Debug|Any CPU
		{D69FB606-5F3E-4F0E-9CB1-3F947D680CE8}.Debug|iPhone.ActiveCfg = Debug|Any CPU
		{D69FB606-5F3E-4F0E-9CB1-3F947D680CE8}.Debug|iPhone.Build.0 = Debug|Any CPU
		{D69FB606-5F3E-4F0E-9CB1-3F947D680CE8}.Debug|iPhone.Deploy.0 = Debug|Any CPU
		{D69FB606-5F3E-4F0E-9CB1-3F947D680CE8}.Debug|iPhoneSimulator.ActiveCfg = Debug|Any CPU
		{D69FB606-5F3E-4F0E-9CB1-3F947D680CE8}.Debug|iPhoneSimulator.Build.0 = Debug|Any CPU
		{D69FB606-5F3E-4F0E-9CB1-3F947D680CE8}.Debug|iPhoneSimulator.Deploy.0 = Debug|Any CPU
		{D69FB606-5F3E-4F0E-9CB1-3F947D680CE8}.Debug|x64.ActiveCfg = Debug|Any CPU
		{D69FB606-5F3E-4F0E-9CB1-3F947D680CE8}.Debug|x64.Build.0 = Debug|Any CPU
		{D69FB606-5F3E-4F0E-9CB1-3F947D680CE8}.Debug|x64.Deploy.0 = Debug|Any CPU
		{D69FB606-5F3E-4F0E-9CB1-3F947D680CE8}.Debug|x86.ActiveCfg = Debug|Any CPU
		{D69FB606-5F3E-4F0E-9CB1-3F947D680CE8}.Debug|x86.Build.0 = Debug|Any CPU
		{D69FB606-5F3E-4F0E-9CB1-3F947D680CE8}.Debug|x86.Deploy.0 = Debug|Any CPU
		{D69FB606-5F3E-4F0E-9CB1-3F947D680CE8}.Release|Any CPU.ActiveCfg = Release|Any CPU
		{D69FB606-5F3E-4F0E-9CB1-3F947D680CE8}.Release|Any CPU.Build.0 = Release|Any CPU
		{D69FB606-5F3E-4F0E-9CB1-3F947D680CE8}.Release|Any CPU.Deploy.0 = Release|Any CPU
		{D69FB606-5F3E-4F0E-9CB1-3F947D680CE8}.Release|ARM.ActiveCfg = Release|Any CPU
		{D69FB606-5F3E-4F0E-9CB1-3F947D680CE8}.Release|ARM.Build.0 = Release|Any CPU
		{D69FB606-5F3E-4F0E-9CB1-3F947D680CE8}.Release|ARM.Deploy.0 = Release|Any CPU
		{D69FB606-5F3E-4F0E-9CB1-3F947D680CE8}.Release|iPhone.ActiveCfg = Release|Any CPU
		{D69FB606-5F3E-4F0E-9CB1-3F947D680CE8}.Release|iPhone.Build.0 = Release|Any CPU
		{D69FB606-5F3E-4F0E-9CB1-3F947D680CE8}.Release|iPhone.Deploy.0 = Release|Any CPU
		{D69FB606-5F3E-4F0E-9CB1-3F947D680CE8}.Release|iPhoneSimulator.ActiveCfg = Release|Any CPU
		{D69FB606-5F3E-4F0E-9CB1-3F947D680CE8}.Release|iPhoneSimulator.Build.0 = Release|Any CPU
		{D69FB606-5F3E-4F0E-9CB1-3F947D680CE8}.Release|iPhoneSimulator.Deploy.0 = Release|Any CPU
		{D69FB606-5F3E-4F0E-9CB1-3F947D680CE8}.Release|x64.ActiveCfg = Release|Any CPU
		{D69FB606-5F3E-4F0E-9CB1-3F947D680CE8}.Release|x64.Build.0 = Release|Any CPU
		{D69FB606-5F3E-4F0E-9CB1-3F947D680CE8}.Release|x64.Deploy.0 = Release|Any CPU
		{D69FB606-5F3E-4F0E-9CB1-3F947D680CE8}.Release|x86.ActiveCfg = Release|Any CPU
		{D69FB606-5F3E-4F0E-9CB1-3F947D680CE8}.Release|x86.Build.0 = Release|Any CPU
		{D69FB606-5F3E-4F0E-9CB1-3F947D680CE8}.Release|x86.Deploy.0 = Release|Any CPU
		{16A7B355-329F-4957-967F-93922F3DD105}.Ad-Hoc|Any CPU.ActiveCfg = Ad-Hoc|iPhone
		{16A7B355-329F-4957-967F-93922F3DD105}.Ad-Hoc|ARM.ActiveCfg = Ad-Hoc|iPhone
		{16A7B355-329F-4957-967F-93922F3DD105}.Ad-Hoc|iPhone.ActiveCfg = Ad-Hoc|iPhone
		{16A7B355-329F-4957-967F-93922F3DD105}.Ad-Hoc|iPhone.Build.0 = Ad-Hoc|iPhone
		{16A7B355-329F-4957-967F-93922F3DD105}.Ad-Hoc|iPhoneSimulator.ActiveCfg = Ad-Hoc|iPhoneSimulator
		{16A7B355-329F-4957-967F-93922F3DD105}.Ad-Hoc|iPhoneSimulator.Build.0 = Ad-Hoc|iPhoneSimulator
		{16A7B355-329F-4957-967F-93922F3DD105}.Ad-Hoc|x64.ActiveCfg = Ad-Hoc|iPhone
		{16A7B355-329F-4957-967F-93922F3DD105}.Ad-Hoc|x86.ActiveCfg = Ad-Hoc|iPhone
		{16A7B355-329F-4957-967F-93922F3DD105}.AppStore|Any CPU.ActiveCfg = AppStore|iPhone
		{16A7B355-329F-4957-967F-93922F3DD105}.AppStore|ARM.ActiveCfg = AppStore|iPhone
		{16A7B355-329F-4957-967F-93922F3DD105}.AppStore|iPhone.ActiveCfg = AppStore|iPhone
		{16A7B355-329F-4957-967F-93922F3DD105}.AppStore|iPhone.Build.0 = AppStore|iPhone
		{16A7B355-329F-4957-967F-93922F3DD105}.AppStore|iPhoneSimulator.ActiveCfg = AppStore|iPhoneSimulator
		{16A7B355-329F-4957-967F-93922F3DD105}.AppStore|iPhoneSimulator.Build.0 = AppStore|iPhoneSimulator
		{16A7B355-329F-4957-967F-93922F3DD105}.AppStore|x64.ActiveCfg = AppStore|iPhone
		{16A7B355-329F-4957-967F-93922F3DD105}.AppStore|x86.ActiveCfg = AppStore|iPhone
		{16A7B355-329F-4957-967F-93922F3DD105}.Debug|Any CPU.ActiveCfg = Debug|iPhone
		{16A7B355-329F-4957-967F-93922F3DD105}.Debug|ARM.ActiveCfg = Debug|iPhone
		{16A7B355-329F-4957-967F-93922F3DD105}.Debug|iPhone.ActiveCfg = Debug|iPhone
		{16A7B355-329F-4957-967F-93922F3DD105}.Debug|iPhone.Build.0 = Debug|iPhone
		{16A7B355-329F-4957-967F-93922F3DD105}.Debug|iPhoneSimulator.ActiveCfg = Debug|iPhoneSimulator
		{16A7B355-329F-4957-967F-93922F3DD105}.Debug|iPhoneSimulator.Build.0 = Debug|iPhoneSimulator
		{16A7B355-329F-4957-967F-93922F3DD105}.Debug|x64.ActiveCfg = Debug|iPhone
		{16A7B355-329F-4957-967F-93922F3DD105}.Debug|x86.ActiveCfg = Debug|iPhone
		{16A7B355-329F-4957-967F-93922F3DD105}.Release|Any CPU.ActiveCfg = Release|iPhone
		{16A7B355-329F-4957-967F-93922F3DD105}.Release|ARM.ActiveCfg = Release|iPhone
		{16A7B355-329F-4957-967F-93922F3DD105}.Release|iPhone.ActiveCfg = Release|iPhone
		{16A7B355-329F-4957-967F-93922F3DD105}.Release|iPhone.Build.0 = Release|iPhone
		{16A7B355-329F-4957-967F-93922F3DD105}.Release|iPhoneSimulator.ActiveCfg = Release|iPhoneSimulator
		{16A7B355-329F-4957-967F-93922F3DD105}.Release|iPhoneSimulator.Build.0 = Release|iPhoneSimulator
		{16A7B355-329F-4957-967F-93922F3DD105}.Release|x64.ActiveCfg = Release|iPhone
		{16A7B355-329F-4957-967F-93922F3DD105}.Release|x86.ActiveCfg = Release|iPhone
		{630191DF-1AA3-4F60-BF35-6B7D416B0989}.Ad-Hoc|Any CPU.ActiveCfg = Release|Any CPU
		{630191DF-1AA3-4F60-BF35-6B7D416B0989}.Ad-Hoc|Any CPU.Build.0 = Release|Any CPU
		{630191DF-1AA3-4F60-BF35-6B7D416B0989}.Ad-Hoc|Any CPU.Deploy.0 = Release|Any CPU
		{630191DF-1AA3-4F60-BF35-6B7D416B0989}.Ad-Hoc|ARM.ActiveCfg = Release|ARM
		{630191DF-1AA3-4F60-BF35-6B7D416B0989}.Ad-Hoc|ARM.Build.0 = Release|ARM
		{630191DF-1AA3-4F60-BF35-6B7D416B0989}.Ad-Hoc|ARM.Deploy.0 = Release|ARM
		{630191DF-1AA3-4F60-BF35-6B7D416B0989}.Ad-Hoc|iPhone.ActiveCfg = Release|Any CPU
		{630191DF-1AA3-4F60-BF35-6B7D416B0989}.Ad-Hoc|iPhone.Build.0 = Release|Any CPU
		{630191DF-1AA3-4F60-BF35-6B7D416B0989}.Ad-Hoc|iPhone.Deploy.0 = Release|Any CPU
		{630191DF-1AA3-4F60-BF35-6B7D416B0989}.Ad-Hoc|iPhoneSimulator.ActiveCfg = Release|Any CPU
		{630191DF-1AA3-4F60-BF35-6B7D416B0989}.Ad-Hoc|iPhoneSimulator.Build.0 = Release|Any CPU
		{630191DF-1AA3-4F60-BF35-6B7D416B0989}.Ad-Hoc|iPhoneSimulator.Deploy.0 = Release|Any CPU
		{630191DF-1AA3-4F60-BF35-6B7D416B0989}.Ad-Hoc|x64.ActiveCfg = Release|Any CPU
		{630191DF-1AA3-4F60-BF35-6B7D416B0989}.Ad-Hoc|x64.Build.0 = Release|Any CPU
		{630191DF-1AA3-4F60-BF35-6B7D416B0989}.Ad-Hoc|x64.Deploy.0 = Release|Any CPU
		{630191DF-1AA3-4F60-BF35-6B7D416B0989}.Ad-Hoc|x86.ActiveCfg = Release|x86
		{630191DF-1AA3-4F60-BF35-6B7D416B0989}.Ad-Hoc|x86.Build.0 = Release|x86
		{630191DF-1AA3-4F60-BF35-6B7D416B0989}.Ad-Hoc|x86.Deploy.0 = Release|x86
		{630191DF-1AA3-4F60-BF35-6B7D416B0989}.AppStore|Any CPU.ActiveCfg = Release|Any CPU
		{630191DF-1AA3-4F60-BF35-6B7D416B0989}.AppStore|Any CPU.Build.0 = Release|Any CPU
		{630191DF-1AA3-4F60-BF35-6B7D416B0989}.AppStore|Any CPU.Deploy.0 = Release|Any CPU
		{630191DF-1AA3-4F60-BF35-6B7D416B0989}.AppStore|ARM.ActiveCfg = Release|ARM
		{630191DF-1AA3-4F60-BF35-6B7D416B0989}.AppStore|ARM.Build.0 = Release|ARM
		{630191DF-1AA3-4F60-BF35-6B7D416B0989}.AppStore|ARM.Deploy.0 = Release|ARM
		{630191DF-1AA3-4F60-BF35-6B7D416B0989}.AppStore|iPhone.ActiveCfg = Release|Any CPU
		{630191DF-1AA3-4F60-BF35-6B7D416B0989}.AppStore|iPhone.Build.0 = Release|Any CPU
		{630191DF-1AA3-4F60-BF35-6B7D416B0989}.AppStore|iPhone.Deploy.0 = Release|Any CPU
		{630191DF-1AA3-4F60-BF35-6B7D416B0989}.AppStore|iPhoneSimulator.ActiveCfg = Release|Any CPU
		{630191DF-1AA3-4F60-BF35-6B7D416B0989}.AppStore|iPhoneSimulator.Build.0 = Release|Any CPU
		{630191DF-1AA3-4F60-BF35-6B7D416B0989}.AppStore|iPhoneSimulator.Deploy.0 = Release|Any CPU
		{630191DF-1AA3-4F60-BF35-6B7D416B0989}.AppStore|x64.ActiveCfg = Release|Any CPU
		{630191DF-1AA3-4F60-BF35-6B7D416B0989}.AppStore|x64.Build.0 = Release|Any CPU
		{630191DF-1AA3-4F60-BF35-6B7D416B0989}.AppStore|x64.Deploy.0 = Release|Any CPU
		{630191DF-1AA3-4F60-BF35-6B7D416B0989}.AppStore|x86.ActiveCfg = Release|x86
		{630191DF-1AA3-4F60-BF35-6B7D416B0989}.AppStore|x86.Build.0 = Release|x86
		{630191DF-1AA3-4F60-BF35-6B7D416B0989}.AppStore|x86.Deploy.0 = Release|x86
		{630191DF-1AA3-4F60-BF35-6B7D416B0989}.Debug|Any CPU.ActiveCfg = Debug|Any CPU
		{630191DF-1AA3-4F60-BF35-6B7D416B0989}.Debug|Any CPU.Build.0 = Debug|Any CPU
		{630191DF-1AA3-4F60-BF35-6B7D416B0989}.Debug|Any CPU.Deploy.0 = Debug|Any CPU
		{630191DF-1AA3-4F60-BF35-6B7D416B0989}.Debug|ARM.ActiveCfg = Debug|ARM
		{630191DF-1AA3-4F60-BF35-6B7D416B0989}.Debug|ARM.Build.0 = Debug|ARM
		{630191DF-1AA3-4F60-BF35-6B7D416B0989}.Debug|ARM.Deploy.0 = Debug|ARM
		{630191DF-1AA3-4F60-BF35-6B7D416B0989}.Debug|iPhone.ActiveCfg = Debug|Any CPU
		{630191DF-1AA3-4F60-BF35-6B7D416B0989}.Debug|iPhone.Build.0 = Debug|Any CPU
		{630191DF-1AA3-4F60-BF35-6B7D416B0989}.Debug|iPhone.Deploy.0 = Debug|Any CPU
		{630191DF-1AA3-4F60-BF35-6B7D416B0989}.Debug|iPhoneSimulator.ActiveCfg = Debug|Any CPU
		{630191DF-1AA3-4F60-BF35-6B7D416B0989}.Debug|iPhoneSimulator.Build.0 = Debug|Any CPU
		{630191DF-1AA3-4F60-BF35-6B7D416B0989}.Debug|iPhoneSimulator.Deploy.0 = Debug|Any CPU
		{630191DF-1AA3-4F60-BF35-6B7D416B0989}.Debug|x64.ActiveCfg = Debug|Any CPU
		{630191DF-1AA3-4F60-BF35-6B7D416B0989}.Debug|x64.Build.0 = Debug|Any CPU
		{630191DF-1AA3-4F60-BF35-6B7D416B0989}.Debug|x64.Deploy.0 = Debug|Any CPU
		{630191DF-1AA3-4F60-BF35-6B7D416B0989}.Debug|x86.ActiveCfg = Debug|x86
		{630191DF-1AA3-4F60-BF35-6B7D416B0989}.Debug|x86.Build.0 = Debug|x86
		{630191DF-1AA3-4F60-BF35-6B7D416B0989}.Debug|x86.Deploy.0 = Debug|x86
		{630191DF-1AA3-4F60-BF35-6B7D416B0989}.Release|Any CPU.ActiveCfg = Release|Any CPU
		{630191DF-1AA3-4F60-BF35-6B7D416B0989}.Release|Any CPU.Build.0 = Release|Any CPU
		{630191DF-1AA3-4F60-BF35-6B7D416B0989}.Release|Any CPU.Deploy.0 = Release|Any CPU
		{630191DF-1AA3-4F60-BF35-6B7D416B0989}.Release|ARM.ActiveCfg = Release|ARM
		{630191DF-1AA3-4F60-BF35-6B7D416B0989}.Release|ARM.Build.0 = Release|ARM
		{630191DF-1AA3-4F60-BF35-6B7D416B0989}.Release|ARM.Deploy.0 = Release|ARM
		{630191DF-1AA3-4F60-BF35-6B7D416B0989}.Release|iPhone.ActiveCfg = Release|Any CPU
		{630191DF-1AA3-4F60-BF35-6B7D416B0989}.Release|iPhone.Build.0 = Release|Any CPU
		{630191DF-1AA3-4F60-BF35-6B7D416B0989}.Release|iPhone.Deploy.0 = Release|Any CPU
		{630191DF-1AA3-4F60-BF35-6B7D416B0989}.Release|iPhoneSimulator.ActiveCfg = Release|Any CPU
		{630191DF-1AA3-4F60-BF35-6B7D416B0989}.Release|iPhoneSimulator.Build.0 = Release|Any CPU
		{630191DF-1AA3-4F60-BF35-6B7D416B0989}.Release|iPhoneSimulator.Deploy.0 = Release|Any CPU
		{630191DF-1AA3-4F60-BF35-6B7D416B0989}.Release|x64.ActiveCfg = Release|Any CPU
		{630191DF-1AA3-4F60-BF35-6B7D416B0989}.Release|x64.Build.0 = Release|Any CPU
		{630191DF-1AA3-4F60-BF35-6B7D416B0989}.Release|x64.Deploy.0 = Release|Any CPU
		{630191DF-1AA3-4F60-BF35-6B7D416B0989}.Release|x86.ActiveCfg = Release|x86
		{630191DF-1AA3-4F60-BF35-6B7D416B0989}.Release|x86.Build.0 = Release|x86
		{630191DF-1AA3-4F60-BF35-6B7D416B0989}.Release|x86.Deploy.0 = Release|x86
		{B0CC83B6-70D8-4B10-8E45-3DB64F56992F}.Ad-Hoc|Any CPU.ActiveCfg = Release|Any CPU
		{B0CC83B6-70D8-4B10-8E45-3DB64F56992F}.Ad-Hoc|Any CPU.Build.0 = Release|Any CPU
		{B0CC83B6-70D8-4B10-8E45-3DB64F56992F}.Ad-Hoc|Any CPU.Deploy.0 = Release|Any CPU
		{B0CC83B6-70D8-4B10-8E45-3DB64F56992F}.Ad-Hoc|ARM.ActiveCfg = Release|ARM
		{B0CC83B6-70D8-4B10-8E45-3DB64F56992F}.Ad-Hoc|ARM.Build.0 = Release|ARM
		{B0CC83B6-70D8-4B10-8E45-3DB64F56992F}.Ad-Hoc|ARM.Deploy.0 = Release|ARM
		{B0CC83B6-70D8-4B10-8E45-3DB64F56992F}.Ad-Hoc|iPhone.ActiveCfg = Release|Any CPU
		{B0CC83B6-70D8-4B10-8E45-3DB64F56992F}.Ad-Hoc|iPhone.Build.0 = Release|Any CPU
		{B0CC83B6-70D8-4B10-8E45-3DB64F56992F}.Ad-Hoc|iPhone.Deploy.0 = Release|Any CPU
		{B0CC83B6-70D8-4B10-8E45-3DB64F56992F}.Ad-Hoc|iPhoneSimulator.ActiveCfg = Release|Any CPU
		{B0CC83B6-70D8-4B10-8E45-3DB64F56992F}.Ad-Hoc|iPhoneSimulator.Build.0 = Release|Any CPU
		{B0CC83B6-70D8-4B10-8E45-3DB64F56992F}.Ad-Hoc|iPhoneSimulator.Deploy.0 = Release|Any CPU
		{B0CC83B6-70D8-4B10-8E45-3DB64F56992F}.Ad-Hoc|x64.ActiveCfg = Release|x64
		{B0CC83B6-70D8-4B10-8E45-3DB64F56992F}.Ad-Hoc|x64.Build.0 = Release|x64
		{B0CC83B6-70D8-4B10-8E45-3DB64F56992F}.Ad-Hoc|x64.Deploy.0 = Release|x64
		{B0CC83B6-70D8-4B10-8E45-3DB64F56992F}.Ad-Hoc|x86.ActiveCfg = Release|x86
		{B0CC83B6-70D8-4B10-8E45-3DB64F56992F}.Ad-Hoc|x86.Build.0 = Release|x86
		{B0CC83B6-70D8-4B10-8E45-3DB64F56992F}.Ad-Hoc|x86.Deploy.0 = Release|x86
		{B0CC83B6-70D8-4B10-8E45-3DB64F56992F}.AppStore|Any CPU.ActiveCfg = Release|Any CPU
		{B0CC83B6-70D8-4B10-8E45-3DB64F56992F}.AppStore|Any CPU.Build.0 = Release|Any CPU
		{B0CC83B6-70D8-4B10-8E45-3DB64F56992F}.AppStore|Any CPU.Deploy.0 = Release|Any CPU
		{B0CC83B6-70D8-4B10-8E45-3DB64F56992F}.AppStore|ARM.ActiveCfg = Release|ARM
		{B0CC83B6-70D8-4B10-8E45-3DB64F56992F}.AppStore|ARM.Build.0 = Release|ARM
		{B0CC83B6-70D8-4B10-8E45-3DB64F56992F}.AppStore|ARM.Deploy.0 = Release|ARM
		{B0CC83B6-70D8-4B10-8E45-3DB64F56992F}.AppStore|iPhone.ActiveCfg = Release|Any CPU
		{B0CC83B6-70D8-4B10-8E45-3DB64F56992F}.AppStore|iPhone.Build.0 = Release|Any CPU
		{B0CC83B6-70D8-4B10-8E45-3DB64F56992F}.AppStore|iPhone.Deploy.0 = Release|Any CPU
		{B0CC83B6-70D8-4B10-8E45-3DB64F56992F}.AppStore|iPhoneSimulator.ActiveCfg = Release|Any CPU
		{B0CC83B6-70D8-4B10-8E45-3DB64F56992F}.AppStore|iPhoneSimulator.Build.0 = Release|Any CPU
		{B0CC83B6-70D8-4B10-8E45-3DB64F56992F}.AppStore|iPhoneSimulator.Deploy.0 = Release|Any CPU
		{B0CC83B6-70D8-4B10-8E45-3DB64F56992F}.AppStore|x64.ActiveCfg = Release|x64
		{B0CC83B6-70D8-4B10-8E45-3DB64F56992F}.AppStore|x64.Build.0 = Release|x64
		{B0CC83B6-70D8-4B10-8E45-3DB64F56992F}.AppStore|x64.Deploy.0 = Release|x64
		{B0CC83B6-70D8-4B10-8E45-3DB64F56992F}.AppStore|x86.ActiveCfg = Release|x86
		{B0CC83B6-70D8-4B10-8E45-3DB64F56992F}.AppStore|x86.Build.0 = Release|x86
		{B0CC83B6-70D8-4B10-8E45-3DB64F56992F}.AppStore|x86.Deploy.0 = Release|x86
		{B0CC83B6-70D8-4B10-8E45-3DB64F56992F}.Debug|Any CPU.ActiveCfg = Debug|Any CPU
		{B0CC83B6-70D8-4B10-8E45-3DB64F56992F}.Debug|Any CPU.Build.0 = Debug|Any CPU
		{B0CC83B6-70D8-4B10-8E45-3DB64F56992F}.Debug|Any CPU.Deploy.0 = Debug|Any CPU
		{B0CC83B6-70D8-4B10-8E45-3DB64F56992F}.Debug|ARM.ActiveCfg = Debug|ARM
		{B0CC83B6-70D8-4B10-8E45-3DB64F56992F}.Debug|ARM.Build.0 = Debug|ARM
		{B0CC83B6-70D8-4B10-8E45-3DB64F56992F}.Debug|ARM.Deploy.0 = Debug|ARM
		{B0CC83B6-70D8-4B10-8E45-3DB64F56992F}.Debug|iPhone.ActiveCfg = Debug|Any CPU
		{B0CC83B6-70D8-4B10-8E45-3DB64F56992F}.Debug|iPhone.Build.0 = Debug|Any CPU
		{B0CC83B6-70D8-4B10-8E45-3DB64F56992F}.Debug|iPhone.Deploy.0 = Debug|Any CPU
		{B0CC83B6-70D8-4B10-8E45-3DB64F56992F}.Debug|iPhoneSimulator.ActiveCfg = Debug|Any CPU
		{B0CC83B6-70D8-4B10-8E45-3DB64F56992F}.Debug|iPhoneSimulator.Build.0 = Debug|Any CPU
		{B0CC83B6-70D8-4B10-8E45-3DB64F56992F}.Debug|iPhoneSimulator.Deploy.0 = Debug|Any CPU
		{B0CC83B6-70D8-4B10-8E45-3DB64F56992F}.Debug|x64.ActiveCfg = Debug|x64
		{B0CC83B6-70D8-4B10-8E45-3DB64F56992F}.Debug|x64.Build.0 = Debug|x64
		{B0CC83B6-70D8-4B10-8E45-3DB64F56992F}.Debug|x64.Deploy.0 = Debug|x64
		{B0CC83B6-70D8-4B10-8E45-3DB64F56992F}.Debug|x86.ActiveCfg = Debug|x86
		{B0CC83B6-70D8-4B10-8E45-3DB64F56992F}.Debug|x86.Build.0 = Debug|x86
		{B0CC83B6-70D8-4B10-8E45-3DB64F56992F}.Debug|x86.Deploy.0 = Debug|x86
		{B0CC83B6-70D8-4B10-8E45-3DB64F56992F}.Release|Any CPU.ActiveCfg = Release|Any CPU
		{B0CC83B6-70D8-4B10-8E45-3DB64F56992F}.Release|Any CPU.Build.0 = Release|Any CPU
		{B0CC83B6-70D8-4B10-8E45-3DB64F56992F}.Release|Any CPU.Deploy.0 = Release|Any CPU
		{B0CC83B6-70D8-4B10-8E45-3DB64F56992F}.Release|ARM.ActiveCfg = Release|ARM
		{B0CC83B6-70D8-4B10-8E45-3DB64F56992F}.Release|ARM.Build.0 = Release|ARM
		{B0CC83B6-70D8-4B10-8E45-3DB64F56992F}.Release|ARM.Deploy.0 = Release|ARM
		{B0CC83B6-70D8-4B10-8E45-3DB64F56992F}.Release|iPhone.ActiveCfg = Release|Any CPU
		{B0CC83B6-70D8-4B10-8E45-3DB64F56992F}.Release|iPhone.Build.0 = Release|Any CPU
		{B0CC83B6-70D8-4B10-8E45-3DB64F56992F}.Release|iPhone.Deploy.0 = Release|Any CPU
		{B0CC83B6-70D8-4B10-8E45-3DB64F56992F}.Release|iPhoneSimulator.ActiveCfg = Release|Any CPU
		{B0CC83B6-70D8-4B10-8E45-3DB64F56992F}.Release|iPhoneSimulator.Build.0 = Release|Any CPU
		{B0CC83B6-70D8-4B10-8E45-3DB64F56992F}.Release|iPhoneSimulator.Deploy.0 = Release|Any CPU
		{B0CC83B6-70D8-4B10-8E45-3DB64F56992F}.Release|x64.ActiveCfg = Release|x64
		{B0CC83B6-70D8-4B10-8E45-3DB64F56992F}.Release|x64.Build.0 = Release|x64
		{B0CC83B6-70D8-4B10-8E45-3DB64F56992F}.Release|x64.Deploy.0 = Release|x64
		{B0CC83B6-70D8-4B10-8E45-3DB64F56992F}.Release|x86.ActiveCfg = Release|x86
		{B0CC83B6-70D8-4B10-8E45-3DB64F56992F}.Release|x86.Build.0 = Release|x86
		{B0CC83B6-70D8-4B10-8E45-3DB64F56992F}.Release|x86.Deploy.0 = Release|x86
	EndGlobalSection
	GlobalSection(SolutionProperties) = preSolution
		HideSolutionNode = FALSE
	EndGlobalSection
EndGlobal
